// !$*UTF8*$!
{
	archiveVersion = 1;
	classes = {
	};
	objectVersion = 55;
	objects = {

/* Begin PBXBuildFile section */
		8151219C281DAFF60026C808 /* VTGPAApp.swift in Sources */ = {isa = PBXBuildFile; fileRef = 8151219B281DAFF60026C808 /* VTGPAApp.swift */; };
		8151219E281DAFF60026C808 /* ContentView.swift in Sources */ = {isa = PBXBuildFile; fileRef = 8151219D281DAFF60026C808 /* ContentView.swift */; };
		815121A0281DAFFA0026C808 /* Assets.xcassets in Resources */ = {isa = PBXBuildFile; fileRef = 8151219F281DAFFA0026C808 /* Assets.xcassets */; };
		815121A3281DAFFA0026C808 /* Preview Assets.xcassets in Resources */ = {isa = PBXBuildFile; fileRef = 815121A2281DAFFA0026C808 /* Preview Assets.xcassets */; };
		815121A5281DAFFA0026C808 /* Persistence.swift in Sources */ = {isa = PBXBuildFile; fileRef = 815121A4281DAFFA0026C808 /* Persistence.swift */; };
		815121A8281DAFFA0026C808 /* VTGPA.xcdatamodeld in Sources */ = {isa = PBXBuildFile; fileRef = 815121A6281DAFFA0026C808 /* VTGPA.xcdatamodeld */; };
		815121B4281DB2210026C808 /* Home.swift in Sources */ = {isa = PBXBuildFile; fileRef = 815121B3281DB2210026C808 /* Home.swift */; };
		815121B7281DB35C0026C808 /* GradeData.json in Resources */ = {isa = PBXBuildFile; fileRef = 815121B6281DB35C0026C808 /* GradeData.json */; };
		815121B9281DB4C10026C808 /* CourseStruct.swift in Sources */ = {isa = PBXBuildFile; fileRef = 815121B8281DB4C10026C808 /* CourseStruct.swift */; };
		818F9514282B3A7300304DA4 /* CourseData.swift in Sources */ = {isa = PBXBuildFile; fileRef = 818F9513282B3A7300304DA4 /* CourseData.swift */; };
		818F9518282B3BB300304DA4 /* SearchBar.swift in Sources */ = {isa = PBXBuildFile; fileRef = 818F9516282B3BB300304DA4 /* SearchBar.swift */; };
		818F9519282B3BB300304DA4 /* UtilityFunctions.swift in Sources */ = {isa = PBXBuildFile; fileRef = 818F9517282B3BB300304DA4 /* UtilityFunctions.swift */; };
		818F951B282B3F8D00304DA4 /* CoursesList.swift in Sources */ = {isa = PBXBuildFile; fileRef = 818F951A282B3F8D00304DA4 /* CoursesList.swift */; };
		818F951D282B3F9A00304DA4 /* CoursesItem.swift in Sources */ = {isa = PBXBuildFile; fileRef = 818F951C282B3F9A00304DA4 /* CoursesItem.swift */; };
		818F951F282B3FA100304DA4 /* CoursesDetails.swift in Sources */ = {isa = PBXBuildFile; fileRef = 818F951E282B3FA100304DA4 /* CoursesDetails.swift */; };
		818F9529282B46D600304DA4 /* GradeDataSample.json in Resources */ = {isa = PBXBuildFile; fileRef = 818F9528282B46D600304DA4 /* GradeDataSample.json */; };
		819710952832D21D0086F94A /* GradeDataClean.json in Resources */ = {isa = PBXBuildFile; fileRef = 819710942832D21D0086F94A /* GradeDataClean.json */; };
		81990D652832F2AF00B77ED7 /* SwiftPieChart in Frameworks */ = {isa = PBXBuildFile; productRef = 81990D642832F2AF00B77ED7 /* SwiftPieChart */; };
		81990D682832F76D00B77ED7 /* PieChartView.swift in Sources */ = {isa = PBXBuildFile; fileRef = 81990D672832F76D00B77ED7 /* PieChartView.swift */; };
		81990D6A2832F77900B77ED7 /* PieSliceView.swift in Sources */ = {isa = PBXBuildFile; fileRef = 81990D692832F77900B77ED7 /* PieSliceView.swift */; };
		819FF01528342AD200A5D86B /* CourseDataView.swift in Sources */ = {isa = PBXBuildFile; fileRef = 819FF01428342AD200A5D86B /* CourseDataView.swift */; };
/* End PBXBuildFile section */

/* Begin PBXFileReference section */
		81512198281DAFF60026C808 /* VTGPA.app */ = {isa = PBXFileReference; explicitFileType = wrapper.application; includeInIndex = 0; path = VTGPA.app; sourceTree = BUILT_PRODUCTS_DIR; };
		8151219B281DAFF60026C808 /* VTGPAApp.swift */ = {isa = PBXFileReference; lastKnownFileType = sourcecode.swift; path = VTGPAApp.swift; sourceTree = "<group>"; };
		8151219D281DAFF60026C808 /* ContentView.swift */ = {isa = PBXFileReference; lastKnownFileType = sourcecode.swift; path = ContentView.swift; sourceTree = "<group>"; };
		8151219F281DAFFA0026C808 /* Assets.xcassets */ = {isa = PBXFileReference; lastKnownFileType = folder.assetcatalog; path = Assets.xcassets; sourceTree = "<group>"; };
		815121A2281DAFFA0026C808 /* Preview Assets.xcassets */ = {isa = PBXFileReference; lastKnownFileType = folder.assetcatalog; path = "Preview Assets.xcassets"; sourceTree = "<group>"; };
		815121A4281DAFFA0026C808 /* Persistence.swift */ = {isa = PBXFileReference; lastKnownFileType = sourcecode.swift; path = Persistence.swift; sourceTree = "<group>"; };
		815121A7281DAFFA0026C808 /* VTGPA.xcdatamodel */ = {isa = PBXFileReference; lastKnownFileType = wrapper.xcdatamodel; path = VTGPA.xcdatamodel; sourceTree = "<group>"; };
		815121B3281DB2210026C808 /* Home.swift */ = {isa = PBXFileReference; lastKnownFileType = sourcecode.swift; path = Home.swift; sourceTree = "<group>"; };
		815121B6281DB35C0026C808 /* GradeData.json */ = {isa = PBXFileReference; fileEncoding = 4; lastKnownFileType = text.json; path = GradeData.json; sourceTree = "<group>"; };
		815121B8281DB4C10026C808 /* CourseStruct.swift */ = {isa = PBXFileReference; lastKnownFileType = sourcecode.swift; path = CourseStruct.swift; sourceTree = "<group>"; };
		818F9513282B3A7300304DA4 /* CourseData.swift */ = {isa = PBXFileReference; lastKnownFileType = sourcecode.swift; path = CourseData.swift; sourceTree = "<group>"; };
		818F9516282B3BB300304DA4 /* SearchBar.swift */ = {isa = PBXFileReference; fileEncoding = 4; lastKnownFileType = sourcecode.swift; path = SearchBar.swift; sourceTree = "<group>"; };
		818F9517282B3BB300304DA4 /* UtilityFunctions.swift */ = {isa = PBXFileReference; fileEncoding = 4; lastKnownFileType = sourcecode.swift; path = UtilityFunctions.swift; sourceTree = "<group>"; };
		818F951A282B3F8D00304DA4 /* CoursesList.swift */ = {isa = PBXFileReference; lastKnownFileType = sourcecode.swift; path = CoursesList.swift; sourceTree = "<group>"; };
		818F951C282B3F9A00304DA4 /* CoursesItem.swift */ = {isa = PBXFileReference; lastKnownFileType = sourcecode.swift; path = CoursesItem.swift; sourceTree = "<group>"; };
		818F951E282B3FA100304DA4 /* CoursesDetails.swift */ = {isa = PBXFileReference; lastKnownFileType = sourcecode.swift; path = CoursesDetails.swift; sourceTree = "<group>"; };
		818F9528282B46D600304DA4 /* GradeDataSample.json */ = {isa = PBXFileReference; fileEncoding = 4; lastKnownFileType = text.json; path = GradeDataSample.json; sourceTree = "<group>"; };
		819710942832D21D0086F94A /* GradeDataClean.json */ = {isa = PBXFileReference; fileEncoding = 4; lastKnownFileType = text.json; name = GradeDataClean.json; path = ../../../../rename_keys/GradeDataClean.json; sourceTree = "<group>"; };
		81990D672832F76D00B77ED7 /* PieChartView.swift */ = {isa = PBXFileReference; lastKnownFileType = sourcecode.swift; path = PieChartView.swift; sourceTree = "<group>"; };
		81990D692832F77900B77ED7 /* PieSliceView.swift */ = {isa = PBXFileReference; lastKnownFileType = sourcecode.swift; path = PieSliceView.swift; sourceTree = "<group>"; };
		819FF01428342AD200A5D86B /* CourseDataView.swift */ = {isa = PBXFileReference; lastKnownFileType = sourcecode.swift; path = CourseDataView.swift; sourceTree = "<group>"; };
/* End PBXFileReference section */

/* Begin PBXFrameworksBuildPhase section */
		81512195281DAFF60026C808 /* Frameworks */ = {
			isa = PBXFrameworksBuildPhase;
			buildActionMask = 2147483647;
			files = (
				81990D652832F2AF00B77ED7 /* SwiftPieChart in Frameworks */,
			);
			runOnlyForDeploymentPostprocessing = 0;
		};
/* End PBXFrameworksBuildPhase section */

/* Begin PBXGroup section */
		8151218F281DAFF60026C808 = {
			isa = PBXGroup;
			children = (
				8151219A281DAFF60026C808 /* VTGPA */,
				81512199281DAFF60026C808 /* Products */,
			);
			sourceTree = "<group>";
		};
		81512199281DAFF60026C808 /* Products */ = {
			isa = PBXGroup;
			children = (
				81512198281DAFF60026C808 /* VTGPA.app */,
			);
			name = Products;
			sourceTree = "<group>";
		};
		8151219A281DAFF60026C808 /* VTGPA */ = {
			isa = PBXGroup;
			children = (
				818F9515282B3BA100304DA4 /* Supporting Files */,
				815121B5281DB3530026C808 /* Data Models */,
				815121AE281DB1930026C808 /* Tab Bar Views */,
				8151219B281DAFF60026C808 /* VTGPAApp.swift */,
				8151219D281DAFF60026C808 /* ContentView.swift */,
				8151219F281DAFFA0026C808 /* Assets.xcassets */,
				815121A4281DAFFA0026C808 /* Persistence.swift */,
				815121A6281DAFFA0026C808 /* VTGPA.xcdatamodeld */,
				815121A1281DAFFA0026C808 /* Preview Content */,
			);
			path = VTGPA;
			sourceTree = "<group>";
		};
		815121A1281DAFFA0026C808 /* Preview Content */ = {
			isa = PBXGroup;
			children = (
				815121A2281DAFFA0026C808 /* Preview Assets.xcassets */,
			);
			path = "Preview Content";
			sourceTree = "<group>";
		};
		815121AE281DB1930026C808 /* Tab Bar Views */ = {
			isa = PBXGroup;
			children = (
				815121B2281DB2190026C808 /* Home */,
				815121B1281DB1BA0026C808 /* Course Search */,
			);
			path = "Tab Bar Views";
			sourceTree = "<group>";
		};
		815121B1281DB1BA0026C808 /* Course Search */ = {
			isa = PBXGroup;
			children = (
				81990D662832F74700B77ED7 /* PieChartView */,
				818F951A282B3F8D00304DA4 /* CoursesList.swift */,
				818F951C282B3F9A00304DA4 /* CoursesItem.swift */,
				818F951E282B3FA100304DA4 /* CoursesDetails.swift */,
			);
			path = "Course Search";
			sourceTree = "<group>";
		};
		815121B2281DB2190026C808 /* Home */ = {
			isa = PBXGroup;
			children = (
				815121B3281DB2210026C808 /* Home.swift */,
			);
			path = Home;
			sourceTree = "<group>";
		};
		815121B5281DB3530026C808 /* Data Models */ = {
			isa = PBXGroup;
			children = (
				819710942832D21D0086F94A /* GradeDataClean.json */,
				818F9528282B46D600304DA4 /* GradeDataSample.json */,
				818F9513282B3A7300304DA4 /* CourseData.swift */,
				815121B6281DB35C0026C808 /* GradeData.json */,
				815121B8281DB4C10026C808 /* CourseStruct.swift */,
			);
			path = "Data Models";
			sourceTree = "<group>";
		};
		818F9515282B3BA100304DA4 /* Supporting Files */ = {
			isa = PBXGroup;
			children = (
				818F9516282B3BB300304DA4 /* SearchBar.swift */,
				818F9517282B3BB300304DA4 /* UtilityFunctions.swift */,
			);
			path = "Supporting Files";
			sourceTree = "<group>";
		};
		81990D662832F74700B77ED7 /* PieChartView */ = {
			isa = PBXGroup;
			children = (
				81990D672832F76D00B77ED7 /* PieChartView.swift */,
				81990D692832F77900B77ED7 /* PieSliceView.swift */,
				819FF01428342AD200A5D86B /* CourseDataView.swift */,
			);
			path = PieChartView;
			sourceTree = "<group>";
		};
/* End PBXGroup section */

/* Begin PBXNativeTarget section */
		81512197281DAFF60026C808 /* VTGPA */ = {
			isa = PBXNativeTarget;
			buildConfigurationList = 815121AB281DAFFA0026C808 /* Build configuration list for PBXNativeTarget "VTGPA" */;
			buildPhases = (
				81512194281DAFF60026C808 /* Sources */,
				81512195281DAFF60026C808 /* Frameworks */,
				81512196281DAFF60026C808 /* Resources */,
			);
			buildRules = (
			);
			dependencies = (
			);
			name = VTGPA;
			packageProductDependencies = (
				81990D642832F2AF00B77ED7 /* SwiftPieChart */,
			);
			productName = VTGPA;
			productReference = 81512198281DAFF60026C808 /* VTGPA.app */;
			productType = "com.apple.product-type.application";
		};
/* End PBXNativeTarget section */

/* Begin PBXProject section */
		81512190281DAFF60026C808 /* Project object */ = {
			isa = PBXProject;
			attributes = {
				BuildIndependentTargetsInParallel = 1;
				LastSwiftUpdateCheck = 1320;
				LastUpgradeCheck = 1320;
				TargetAttributes = {
					81512197281DAFF60026C808 = {
						CreatedOnToolsVersion = 13.2.1;
					};
				};
			};
			buildConfigurationList = 81512193281DAFF60026C808 /* Build configuration list for PBXProject "VTGPA" */;
			compatibilityVersion = "Xcode 13.0";
			developmentRegion = en;
			hasScannedForEncodings = 0;
			knownRegions = (
				en,
				Base,
			);
			mainGroup = 8151218F281DAFF60026C808;
			packageReferences = (
				81990D632832F2AF00B77ED7 /* XCRemoteSwiftPackageReference "SwiftPieChart" */,
			);
			productRefGroup = 81512199281DAFF60026C808 /* Products */;
			projectDirPath = "";
			projectRoot = "";
			targets = (
				81512197281DAFF60026C808 /* VTGPA */,
			);
		};
/* End PBXProject section */

/* Begin PBXResourcesBuildPhase section */
		81512196281DAFF60026C808 /* Resources */ = {
			isa = PBXResourcesBuildPhase;
			buildActionMask = 2147483647;
			files = (
				815121A3281DAFFA0026C808 /* Preview Assets.xcassets in Resources */,
				819710952832D21D0086F94A /* GradeDataClean.json in Resources */,
				815121A0281DAFFA0026C808 /* Assets.xcassets in Resources */,
				815121B7281DB35C0026C808 /* GradeData.json in Resources */,
				818F9529282B46D600304DA4 /* GradeDataSample.json in Resources */,
			);
			runOnlyForDeploymentPostprocessing = 0;
		};
/* End PBXResourcesBuildPhase section */

/* Begin PBXSourcesBuildPhase section */
		81512194281DAFF60026C808 /* Sources */ = {
			isa = PBXSourcesBuildPhase;
			buildActionMask = 2147483647;
			files = (
				815121A8281DAFFA0026C808 /* VTGPA.xcdatamodeld in Sources */,
				818F951F282B3FA100304DA4 /* CoursesDetails.swift in Sources */,
				81990D6A2832F77900B77ED7 /* PieSliceView.swift in Sources */,
				81990D682832F76D00B77ED7 /* PieChartView.swift in Sources */,
				819FF01528342AD200A5D86B /* CourseDataView.swift in Sources */,
				815121B9281DB4C10026C808 /* CourseStruct.swift in Sources */,
				818F951B282B3F8D00304DA4 /* CoursesList.swift in Sources */,
				815121A5281DAFFA0026C808 /* Persistence.swift in Sources */,
				8151219E281DAFF60026C808 /* ContentView.swift in Sources */,
				818F9518282B3BB300304DA4 /* SearchBar.swift in Sources */,
				818F951D282B3F9A00304DA4 /* CoursesItem.swift in Sources */,
				815121B4281DB2210026C808 /* Home.swift in Sources */,
				818F9514282B3A7300304DA4 /* CourseData.swift in Sources */,
				818F9519282B3BB300304DA4 /* UtilityFunctions.swift in Sources */,
				8151219C281DAFF60026C808 /* VTGPAApp.swift in Sources */,
			);
			runOnlyForDeploymentPostprocessing = 0;
		};
/* End PBXSourcesBuildPhase section */

/* Begin XCBuildConfiguration section */
		815121A9281DAFFA0026C808 /* Debug */ = {
			isa = XCBuildConfiguration;
			buildSettings = {
				ALWAYS_SEARCH_USER_PATHS = NO;
				CLANG_ANALYZER_NONNULL = YES;
				CLANG_ANALYZER_NUMBER_OBJECT_CONVERSION = YES_AGGRESSIVE;
				CLANG_CXX_LANGUAGE_STANDARD = "gnu++17";
				CLANG_CXX_LIBRARY = "libc++";
				CLANG_ENABLE_MODULES = YES;
				CLANG_ENABLE_OBJC_ARC = YES;
				CLANG_ENABLE_OBJC_WEAK = YES;
				CLANG_WARN_BLOCK_CAPTURE_AUTORELEASING = YES;
				CLANG_WARN_BOOL_CONVERSION = YES;
				CLANG_WARN_COMMA = YES;
				CLANG_WARN_CONSTANT_CONVERSION = YES;
				CLANG_WARN_DEPRECATED_OBJC_IMPLEMENTATIONS = YES;
				CLANG_WARN_DIRECT_OBJC_ISA_USAGE = YES_ERROR;
				CLANG_WARN_DOCUMENTATION_COMMENTS = YES;
				CLANG_WARN_EMPTY_BODY = YES;
				CLANG_WARN_ENUM_CONVERSION = YES;
				CLANG_WARN_INFINITE_RECURSION = YES;
				CLANG_WARN_INT_CONVERSION = YES;
				CLANG_WARN_NON_LITERAL_NULL_CONVERSION = YES;
				CLANG_WARN_OBJC_IMPLICIT_RETAIN_SELF = YES;
				CLANG_WARN_OBJC_LITERAL_CONVERSION = YES;
				CLANG_WARN_OBJC_ROOT_CLASS = YES_ERROR;
				CLANG_WARN_QUOTED_INCLUDE_IN_FRAMEWORK_HEADER = YES;
				CLANG_WARN_RANGE_LOOP_ANALYSIS = YES;
				CLANG_WARN_STRICT_PROTOTYPES = YES;
				CLANG_WARN_SUSPICIOUS_MOVE = YES;
				CLANG_WARN_UNGUARDED_AVAILABILITY = YES_AGGRESSIVE;
				CLANG_WARN_UNREACHABLE_CODE = YES;
				CLANG_WARN__DUPLICATE_METHOD_MATCH = YES;
				COPY_PHASE_STRIP = NO;
				DEBUG_INFORMATION_FORMAT = dwarf;
				ENABLE_STRICT_OBJC_MSGSEND = YES;
				ENABLE_TESTABILITY = YES;
				GCC_C_LANGUAGE_STANDARD = gnu11;
				GCC_DYNAMIC_NO_PIC = NO;
				GCC_NO_COMMON_BLOCKS = YES;
				GCC_OPTIMIZATION_LEVEL = 0;
				GCC_PREPROCESSOR_DEFINITIONS = (
					"DEBUG=1",
					"$(inherited)",
				);
				GCC_WARN_64_TO_32_BIT_CONVERSION = YES;
				GCC_WARN_ABOUT_RETURN_TYPE = YES_ERROR;
				GCC_WARN_UNDECLARED_SELECTOR = YES;
				GCC_WARN_UNINITIALIZED_AUTOS = YES_AGGRESSIVE;
				GCC_WARN_UNUSED_FUNCTION = YES;
				GCC_WARN_UNUSED_VARIABLE = YES;
				IPHONEOS_DEPLOYMENT_TARGET = 15.2;
				MTL_ENABLE_DEBUG_INFO = INCLUDE_SOURCE;
				MTL_FAST_MATH = YES;
				ONLY_ACTIVE_ARCH = YES;
				SDKROOT = iphoneos;
				SWIFT_ACTIVE_COMPILATION_CONDITIONS = DEBUG;
				SWIFT_OPTIMIZATION_LEVEL = "-Onone";
			};
			name = Debug;
		};
		815121AA281DAFFA0026C808 /* Release */ = {
			isa = XCBuildConfiguration;
			buildSettings = {
				ALWAYS_SEARCH_USER_PATHS = NO;
				CLANG_ANALYZER_NONNULL = YES;
				CLANG_ANALYZER_NUMBER_OBJECT_CONVERSION = YES_AGGRESSIVE;
				CLANG_CXX_LANGUAGE_STANDARD = "gnu++17";
				CLANG_CXX_LIBRARY = "libc++";
				CLANG_ENABLE_MODULES = YES;
				CLANG_ENABLE_OBJC_ARC = YES;
				CLANG_ENABLE_OBJC_WEAK = YES;
				CLANG_WARN_BLOCK_CAPTURE_AUTORELEASING = YES;
				CLANG_WARN_BOOL_CONVERSION = YES;
				CLANG_WARN_COMMA = YES;
				CLANG_WARN_CONSTANT_CONVERSION = YES;
				CLANG_WARN_DEPRECATED_OBJC_IMPLEMENTATIONS = YES;
				CLANG_WARN_DIRECT_OBJC_ISA_USAGE = YES_ERROR;
				CLANG_WARN_DOCUMENTATION_COMMENTS = YES;
				CLANG_WARN_EMPTY_BODY = YES;
				CLANG_WARN_ENUM_CONVERSION = YES;
				CLANG_WARN_INFINITE_RECURSION = YES;
				CLANG_WARN_INT_CONVERSION = YES;
				CLANG_WARN_NON_LITERAL_NULL_CONVERSION = YES;
				CLANG_WARN_OBJC_IMPLICIT_RETAIN_SELF = YES;
				CLANG_WARN_OBJC_LITERAL_CONVERSION = YES;
				CLANG_WARN_OBJC_ROOT_CLASS = YES_ERROR;
				CLANG_WARN_QUOTED_INCLUDE_IN_FRAMEWORK_HEADER = YES;
				CLANG_WARN_RANGE_LOOP_ANALYSIS = YES;
				CLANG_WARN_STRICT_PROTOTYPES = YES;
				CLANG_WARN_SUSPICIOUS_MOVE = YES;
				CLANG_WARN_UNGUARDED_AVAILABILITY = YES_AGGRESSIVE;
				CLANG_WARN_UNREACHABLE_CODE = YES;
				CLANG_WARN__DUPLICATE_METHOD_MATCH = YES;
				COPY_PHASE_STRIP = NO;
				DEBUG_INFORMATION_FORMAT = "dwarf-with-dsym";
				ENABLE_NS_ASSERTIONS = NO;
				ENABLE_STRICT_OBJC_MSGSEND = YES;
				GCC_C_LANGUAGE_STANDARD = gnu11;
				GCC_NO_COMMON_BLOCKS = YES;
				GCC_WARN_64_TO_32_BIT_CONVERSION = YES;
				GCC_WARN_ABOUT_RETURN_TYPE = YES_ERROR;
				GCC_WARN_UNDECLARED_SELECTOR = YES;
				GCC_WARN_UNINITIALIZED_AUTOS = YES_AGGRESSIVE;
				GCC_WARN_UNUSED_FUNCTION = YES;
				GCC_WARN_UNUSED_VARIABLE = YES;
				IPHONEOS_DEPLOYMENT_TARGET = 15.2;
				MTL_ENABLE_DEBUG_INFO = NO;
				MTL_FAST_MATH = YES;
				SDKROOT = iphoneos;
				SWIFT_COMPILATION_MODE = wholemodule;
				SWIFT_OPTIMIZATION_LEVEL = "-O";
				VALIDATE_PRODUCT = YES;
			};
			name = Release;
		};
		815121AC281DAFFA0026C808 /* Debug */ = {
			isa = XCBuildConfiguration;
			buildSettings = {
				ASSETCATALOG_COMPILER_APPICON_NAME = AppIcon;
				ASSETCATALOG_COMPILER_GLOBAL_ACCENT_COLOR_NAME = AccentColor;
				CODE_SIGN_STYLE = Automatic;
				CURRENT_PROJECT_VERSION = 1;
				DEVELOPMENT_ASSET_PATHS = "\"VTGPA/Preview Content\"";
				DEVELOPMENT_TEAM = 82K89M42W2;
				ENABLE_PREVIEWS = YES;
				GENERATE_INFOPLIST_FILE = YES;
				INFOPLIST_KEY_UIApplicationSceneManifest_Generation = YES;
				INFOPLIST_KEY_UIApplicationSupportsIndirectInputEvents = YES;
				INFOPLIST_KEY_UILaunchScreen_Generation = YES;
				INFOPLIST_KEY_UISupportedInterfaceOrientations_iPad = "UIInterfaceOrientationPortrait UIInterfaceOrientationPortraitUpsideDown UIInterfaceOrientationLandscapeLeft UIInterfaceOrientationLandscapeRight";
				INFOPLIST_KEY_UISupportedInterfaceOrientations_iPhone = "UIInterfaceOrientationPortrait UIInterfaceOrientationLandscapeLeft UIInterfaceOrientationLandscapeRight";
				LD_RUNPATH_SEARCH_PATHS = (
					"$(inherited)",
					"@executable_path/Frameworks",
				);
				MARKETING_VERSION = 1.0;
				PRODUCT_BUNDLE_IDENTIFIER = com.pranavchavvakula.VTGPA;
				PRODUCT_NAME = "$(TARGET_NAME)";
				SWIFT_EMIT_LOC_STRINGS = YES;
				SWIFT_VERSION = 5.0;
				TARGETED_DEVICE_FAMILY = "1,2";
			};
			name = Debug;
		};
		815121AD281DAFFA0026C808 /* Release */ = {
			isa = XCBuildConfiguration;
			buildSettings = {
				ASSETCATALOG_COMPILER_APPICON_NAME = AppIcon;
				ASSETCATALOG_COMPILER_GLOBAL_ACCENT_COLOR_NAME = AccentColor;
				CODE_SIGN_STYLE = Automatic;
				CURRENT_PROJECT_VERSION = 1;
				DEVELOPMENT_ASSET_PATHS = "\"VTGPA/Preview Content\"";
				DEVELOPMENT_TEAM = 82K89M42W2;
				ENABLE_PREVIEWS = YES;
				GENERATE_INFOPLIST_FILE = YES;
				INFOPLIST_KEY_UIApplicationSceneManifest_Generation = YES;
				INFOPLIST_KEY_UIApplicationSupportsIndirectInputEvents = YES;
				INFOPLIST_KEY_UILaunchScreen_Generation = YES;
				INFOPLIST_KEY_UISupportedInterfaceOrientations_iPad = "UIInterfaceOrientationPortrait UIInterfaceOrientationPortraitUpsideDown UIInterfaceOrientationLandscapeLeft UIInterfaceOrientationLandscapeRight";
				INFOPLIST_KEY_UISupportedInterfaceOrientations_iPhone = "UIInterfaceOrientationPortrait UIInterfaceOrientationLandscapeLeft UIInterfaceOrientationLandscapeRight";
				LD_RUNPATH_SEARCH_PATHS = (
					"$(inherited)",
					"@executable_path/Frameworks",
				);
				MARKETING_VERSION = 1.0;
				PRODUCT_BUNDLE_IDENTIFIER = com.pranavchavvakula.VTGPA;
				PRODUCT_NAME = "$(TARGET_NAME)";
				SWIFT_EMIT_LOC_STRINGS = YES;
				SWIFT_VERSION = 5.0;
				TARGETED_DEVICE_FAMILY = "1,2";
			};
			name = Release;
		};
/* End XCBuildConfiguration section */

/* Begin XCConfigurationList section */
		81512193281DAFF60026C808 /* Build configuration list for PBXProject "VTGPA" */ = {
			isa = XCConfigurationList;
			buildConfigurations = (
				815121A9281DAFFA0026C808 /* Debug */,
				815121AA281DAFFA0026C808 /* Release */,
			);
			defaultConfigurationIsVisible = 0;
			defaultConfigurationName = Release;
		};
		815121AB281DAFFA0026C808 /* Build configuration list for PBXNativeTarget "VTGPA" */ = {
			isa = XCConfigurationList;
			buildConfigurations = (
				815121AC281DAFFA0026C808 /* Debug */,
				815121AD281DAFFA0026C808 /* Release */,
			);
			defaultConfigurationIsVisible = 0;
			defaultConfigurationName = Release;
		};
/* End XCConfigurationList section */

/* Begin XCRemoteSwiftPackageReference section */
		81990D632832F2AF00B77ED7 /* XCRemoteSwiftPackageReference "SwiftPieChart" */ = {
			isa = XCRemoteSwiftPackageReference;
			repositoryURL = "https://github.com/ilamanov/SwiftPieChart";
			requirement = {
				branch = main;
				kind = branch;
			};
		};
/* End XCRemoteSwiftPackageReference section */

/* Begin XCSwiftPackageProductDependency section */
		81990D642832F2AF00B77ED7 /* SwiftPieChart */ = {
			isa = XCSwiftPackageProductDependency;
			package = 81990D632832F2AF00B77ED7 /* XCRemoteSwiftPackageReference "SwiftPieChart" */;
			productName = SwiftPieChart;
		};
/* End XCSwiftPackageProductDependency section */

/* Begin XCVersionGroup section */
		815121A6281DAFFA0026C808 /* VTGPA.xcdatamodeld */ = {
			isa = XCVersionGroup;
			children = (
				815121A7281DAFFA0026C808 /* VTGPA.xcdatamodel */,
			);
			currentVersion = 815121A7281DAFFA0026C808 /* VTGPA.xcdatamodel */;
			path = VTGPA.xcdatamodeld;
			sourceTree = "<group>";
			versionGroupType = wrapper.xcdatamodel;
		};
/* End XCVersionGroup section */
	};
	rootObject = 81512190281DAFF60026C808 /* Project object */;
}
